{
  "name": "@rbxts/llama",
  "version": "1.1.1-ts.1",
  "lockfileVersion": 2,
  "requires": true,
  "packages": {
    "": {
      "name": "@rbxts/llama",
      "version": "1.1.1-ts.1",
      "license": "MIT",
      "devDependencies": {
        "@rbxts/compiler-types": "^1.1.1-types.0",
        "@rbxts/types": "^1.0.469"
      }
    },
    "node_modules/@rbxts/compiler-types": {
      "version": "1.1.1-types.3",
      "resolved": "https://registry.npmjs.org/@rbxts/compiler-types/-/compiler-types-1.1.1-types.3.tgz",
      "integrity": "sha512-jTY9zvwALZOgbfQX6nKazV3clsYds2kO5BIb7KQw7nNq3cibhs0aO8Zy0ePr86IVhZfPe3eQLiioROuOY2y/1g==",
      "dev": true
    },
    "node_modules/@rbxts/types": {
      "version": "1.0.473",
      "resolved": "https://registry.npmjs.org/@rbxts/types/-/types-1.0.473.tgz",
      "integrity": "sha512-18RN1R0pZYolOEJVyji280RJn5cNZEJirt/2qG2nsnc3svcvs9T0VJZa0G5+leWTRJVNKZd7SlHuVuWduSbeWQ==",
      "dev": true
    }
  },
  "dependencies": {
    "@rbxts/compiler-types": {
      "version": "1.1.1-types.3",
      "resolved": "https://registry.npmjs.org/@rbxts/compiler-types/-/compiler-types-1.1.1-types.3.tgz",
      "integrity": "sha512-jTY9zvwALZOgbfQX6nKazV3clsYds2kO5BIb7KQw7nNq3cibhs0aO8Zy0ePr86IVhZfPe3eQLiioROuOY2y/1g==",
      "dev": true
    },
    "@rbxts/types": {
      "version": "1.0.473",
      "resolved": "https://registry.npmjs.org/@rbxts/types/-/types-1.0.473.tgz",
      "integrity": "sha512-18RN1R0pZYolOEJVyji280RJn5cNZEJirt/2qG2nsnc3svcvs9T0VJZa0G5+leWTRJVNKZd7SlHuVuWduSbeWQ==",
      "dev": true
    }
  }
}
